
Microsoft Visual Studio Solution File, Format Version 12.00
# Visual Studio Version 16
VisualStudioVersion = 16.0.0.0
MinimumVisualStudioVersion = 16.0.0.0
Project("{9A19103F-16F7-4668-BE54-9A1E7A4F7556}") = "NightCityVTT", "NightCityVTT\NightCityVTT.csproj", "{EA3EAEC5-6D83-43CF-959D-296B932E2531}"
EndProject
Project("{9A19103F-16F7-4668-BE54-9A1E7A4F7556}") = "NightCityVTT.Client", "NightCityVTT.Client\NightCityVTT.Client.csproj", "{FC88997A-9264-450C-913F-088A411CEAE1}"
EndProject
Project("{FAE04EC0-301F-11D3-BF4B-00C04F79EFBC}") = "NightCityVTT.Shared", "NightCityVTT.Shared\NightCityVTT.Shared.csproj", "{0B698757-DD3A-4E02-B15A-59AF5CD677C1}"
EndProject
Project("{FAE04EC0-301F-11D3-BF4B-00C04F79EFBC}") = "NightCityVTT.Tests.E2E", "NightCityVTT.Tests.E2E\NightCityVTT.Tests.E2E.csproj", "{6BBCEF4A-FF25-4847-9DF3-10181BFCC0EE}"
EndProject
Global
	GlobalSection(SolutionConfigurationPlatforms) = preSolution
		Debug|Any CPU = Debug|Any CPU
		Debug|x64 = Debug|x64
		Debug|x86 = Debug|x86
		Release|Any CPU = Release|Any CPU
		Release|x64 = Release|x64
		Release|x86 = Release|x86
	EndGlobalSection
	GlobalSection(ProjectConfigurationPlatforms) = postSolution
		{EA3EAEC5-6D83-43CF-959D-296B932E2531}.Debug|Any CPU.ActiveCfg = Debug|Any CPU
		{EA3EAEC5-6D83-43CF-959D-296B932E2531}.Debug|Any CPU.Build.0 = Debug|Any CPU
		{EA3EAEC5-6D83-43CF-959D-296B932E2531}.Debug|x64.ActiveCfg = Debug|Any CPU
		{EA3EAEC5-6D83-43CF-959D-296B932E2531}.Debug|x64.Build.0 = Debug|Any CPU
		{EA3EAEC5-6D83-43CF-959D-296B932E2531}.Debug|x86.ActiveCfg = Debug|Any CPU
		{EA3EAEC5-6D83-43CF-959D-296B932E2531}.Debug|x86.Build.0 = Debug|Any CPU
		{EA3EAEC5-6D83-43CF-959D-296B932E2531}.Release|Any CPU.ActiveCfg = Release|Any CPU
		{EA3EAEC5-6D83-43CF-959D-296B932E2531}.Release|Any CPU.Build.0 = Release|Any CPU
		{EA3EAEC5-6D83-43CF-959D-296B932E2531}.Release|x64.ActiveCfg = Release|Any CPU
		{EA3EAEC5-6D83-43CF-959D-296B932E2531}.Release|x64.Build.0 = Release|Any CPU
		{EA3EAEC5-6D83-43CF-959D-296B932E2531}.Release|x86.ActiveCfg = Release|Any CPU
		{EA3EAEC5-6D83-43CF-959D-296B932E2531}.Release|x86.Build.0 = Release|Any CPU
		{FC88997A-9264-450C-913F-088A411CEAE1}.Debug|Any CPU.ActiveCfg = Debug|Any CPU
		{FC88997A-9264-450C-913F-088A411CEAE1}.Debug|Any CPU.Build.0 = Debug|Any CPU
		{FC88997A-9264-450C-913F-088A411CEAE1}.Debug|x64.ActiveCfg = Debug|Any CPU
		{FC88997A-9264-450C-913F-088A411CEAE1}.Debug|x64.Build.0 = Debug|Any CPU
		{FC88997A-9264-450C-913F-088A411CEAE1}.Debug|x86.ActiveCfg = Debug|Any CPU
		{FC88997A-9264-450C-913F-088A411CEAE1}.Debug|x86.Build.0 = Debug|Any CPU
		{FC88997A-9264-450C-913F-088A411CEAE1}.Release|Any CPU.ActiveCfg = Release|Any CPU
		{FC88997A-9264-450C-913F-088A411CEAE1}.Release|Any CPU.Build.0 = Release|Any CPU
		{FC88997A-9264-450C-913F-088A411CEAE1}.Release|x64.ActiveCfg = Release|Any CPU
		{FC88997A-9264-450C-913F-088A411CEAE1}.Release|x64.Build.0 = Release|Any CPU
		{FC88997A-9264-450C-913F-088A411CEAE1}.Release|x86.ActiveCfg = Release|Any CPU
		{FC88997A-9264-450C-913F-088A411CEAE1}.Release|x86.Build.0 = Release|Any CPU
		{0B698757-DD3A-4E02-B15A-59AF5CD677C1}.Debug|Any CPU.ActiveCfg = Debug|Any CPU
		{0B698757-DD3A-4E02-B15A-59AF5CD677C1}.Debug|Any CPU.Build.0 = Debug|Any CPU
		{0B698757-DD3A-4E02-B15A-59AF5CD677C1}.Debug|x64.ActiveCfg = Debug|Any CPU
		{0B698757-DD3A-4E02-B15A-59AF5CD677C1}.Debug|x64.Build.0 = Debug|Any CPU
		{0B698757-DD3A-4E02-B15A-59AF5CD677C1}.Debug|x86.ActiveCfg = Debug|Any CPU
		{0B698757-DD3A-4E02-B15A-59AF5CD677C1}.Debug|x86.Build.0 = Debug|Any CPU
		{0B698757-DD3A-4E02-B15A-59AF5CD677C1}.Release|Any CPU.ActiveCfg = Release|Any CPU
		{0B698757-DD3A-4E02-B15A-59AF5CD677C1}.Release|Any CPU.Build.0 = Release|Any CPU
		{0B698757-DD3A-4E02-B15A-59AF5CD677C1}.Release|x64.ActiveCfg = Release|Any CPU
		{0B698757-DD3A-4E02-B15A-59AF5CD677C1}.Release|x64.Build.0 = Release|Any CPU
		{0B698757-DD3A-4E02-B15A-59AF5CD677C1}.Release|x86.ActiveCfg = Release|Any CPU
		{0B698757-DD3A-4E02-B15A-59AF5CD677C1}.Release|x86.Build.0 = Release|Any CPU
		{6BBCEF4A-FF25-4847-9DF3-10181BFCC0EE}.Debug|Any CPU.ActiveCfg = Debug|Any CPU
		{6BBCEF4A-FF25-4847-9DF3-10181BFCC0EE}.Debug|Any CPU.Build.0 = Debug|Any CPU
		{6BBCEF4A-FF25-4847-9DF3-10181BFCC0EE}.Debug|x64.ActiveCfg = Debug|Any CPU
		{6BBCEF4A-FF25-4847-9DF3-10181BFCC0EE}.Debug|x64.Build.0 = Debug|Any CPU
		{6BBCEF4A-FF25-4847-9DF3-10181BFCC0EE}.Debug|x86.ActiveCfg = Debug|Any CPU
		{6BBCEF4A-FF25-4847-9DF3-10181BFCC0EE}.Debug|x86.Build.0 = Debug|Any CPU
		{6BBCEF4A-FF25-4847-9DF3-10181BFCC0EE}.Release|Any CPU.ActiveCfg = Release|Any CPU
		{6BBCEF4A-FF25-4847-9DF3-10181BFCC0EE}.Release|Any CPU.Build.0 = Release|Any CPU
		{6BBCEF4A-FF25-4847-9DF3-10181BFCC0EE}.Release|x64.ActiveCfg = Release|Any CPU
		{6BBCEF4A-FF25-4847-9DF3-10181BFCC0EE}.Release|x64.Build.0 = Release|Any CPU
		{6BBCEF4A-FF25-4847-9DF3-10181BFCC0EE}.Release|x86.ActiveCfg = Release|Any CPU
		{6BBCEF4A-FF25-4847-9DF3-10181BFCC0EE}.Release|x86.Build.0 = Release|Any CPU
	EndGlobalSection
	GlobalSection(SolutionProperties) = preSolution
		HideSolutionNode = FALSE
	EndGlobalSection
	GlobalSection(ExtensibilityGlobals) = postSolution
		SolutionGuid = {F859973F-0948-4278-8A9F-300144C4F3C0}
	EndGlobalSection
EndGlobal
